{
  "name": "predavanje",
  "version": "1.0.0",
  "lockfileVersion": 1,
  "requires": true,
  "dependencies": {
    "lottie-web": {
      "version": "5.8.1",
      "resolved": "https://registry.npmjs.org/lottie-web/-/lottie-web-5.8.1.tgz",
      "integrity": "sha512-9gIizWADlaHC2GCt+D+yNpk5l2clZQFqnVWWIVdY0LnxC/uLa39dYltAe3fcmC/hrZ2IUQ8dLlY0O934Npjs7Q=="
    }
  }
}
